// !$*UTF8*$!
{
	archiveVersion = 1;
	classes = {
	};
	objectVersion = 55;
	objects = {

/* Begin PBXBuildFile section */
		8D00BA7C27A3927A00405F3C /* MarketDataResponse.swift in Sources */ = {isa = PBXBuildFile; fileRef = 8D00BA7B27A3927A00405F3C /* MarketDataResponse.swift */; };
		8D0D873627A2794000C598A6 /* NewsStory.swift in Sources */ = {isa = PBXBuildFile; fileRef = 8D0D873527A2794000C598A6 /* NewsStory.swift */; };
		8D0D873827A280ED00C598A6 /* NewsStoryTableViewCell.swift in Sources */ = {isa = PBXBuildFile; fileRef = 8D0D873727A280ED00C598A6 /* NewsStoryTableViewCell.swift */; };
		8D239D7D27A2A8C600E8BEE9 /* SDWebImage in Frameworks */ = {isa = PBXBuildFile; productRef = 8D239D7C27A2A8C600E8BEE9 /* SDWebImage */; };
		8D532F9B27A201A100B3FECE /* SearchResponse.swift in Sources */ = {isa = PBXBuildFile; fileRef = 8D532F9A27A201A100B3FECE /* SearchResponse.swift */; };
		8D60035627A0365A0067628D /* AppDelegate.swift in Sources */ = {isa = PBXBuildFile; fileRef = 8D60035527A0365A0067628D /* AppDelegate.swift */; };
		8D60035827A0365A0067628D /* SceneDelegate.swift in Sources */ = {isa = PBXBuildFile; fileRef = 8D60035727A0365A0067628D /* SceneDelegate.swift */; };
		8D60035A27A0365A0067628D /* WatchListViewController.swift in Sources */ = {isa = PBXBuildFile; fileRef = 8D60035927A0365A0067628D /* WatchListViewController.swift */; };
		8D60035F27A0365C0067628D /* Assets.xcassets in Resources */ = {isa = PBXBuildFile; fileRef = 8D60035E27A0365C0067628D /* Assets.xcassets */; };
		8D60036227A0365C0067628D /* LaunchScreen.storyboard in Resources */ = {isa = PBXBuildFile; fileRef = 8D60036027A0365C0067628D /* LaunchScreen.storyboard */; };
		8D7DA80627A0379D00AF5739 /* NewsViewController.swift in Sources */ = {isa = PBXBuildFile; fileRef = 8D7DA80527A0379D00AF5739 /* NewsViewController.swift */; };
		8D7DA80827A037AF00AF5739 /* SearchResultsViewController.swift in Sources */ = {isa = PBXBuildFile; fileRef = 8D7DA80727A037AF00AF5739 /* SearchResultsViewController.swift */; };
		8D7DA80A27A037EA00AF5739 /* StockDetailsViewController.swift in Sources */ = {isa = PBXBuildFile; fileRef = 8D7DA80927A037EA00AF5739 /* StockDetailsViewController.swift */; };
		8D7DA80C27A0382700AF5739 /* APICaller.swift in Sources */ = {isa = PBXBuildFile; fileRef = 8D7DA80B27A0382700AF5739 /* APICaller.swift */; };
		8D7DA80E27A0383100AF5739 /* PersistenceManager.swift in Sources */ = {isa = PBXBuildFile; fileRef = 8D7DA80D27A0383100AF5739 /* PersistenceManager.swift */; };
		8D7DA81027A0384200AF5739 /* HapticsManager.swift in Sources */ = {isa = PBXBuildFile; fileRef = 8D7DA80F27A0384200AF5739 /* HapticsManager.swift */; };
		8DAA9CD827A2389900930F47 /* FloatingPanel in Frameworks */ = {isa = PBXBuildFile; productRef = 8DAA9CD727A2389900930F47 /* FloatingPanel */; };
		8DAA9CDA27A247C700930F47 /* NewsHeaderView.swift in Sources */ = {isa = PBXBuildFile; fileRef = 8DAA9CD927A247C700930F47 /* NewsHeaderView.swift */; };
		8DCDEF8327A3FEA8003B8D9F /* WatchListTableViewCell.swift in Sources */ = {isa = PBXBuildFile; fileRef = 8DCDEF8227A3FEA8003B8D9F /* WatchListTableViewCell.swift */; };
		8DCDEF8527A400FA003B8D9F /* StockChartView.swift in Sources */ = {isa = PBXBuildFile; fileRef = 8DCDEF8427A400FA003B8D9F /* StockChartView.swift */; };
		8DD951E127A187E100CF9CB4 /* Extensions.swift in Sources */ = {isa = PBXBuildFile; fileRef = 8DD951E027A187E000CF9CB4 /* Extensions.swift */; };
		8DD951E327A18B1F00CF9CB4 /* SearchResultTableViewCell.swift in Sources */ = {isa = PBXBuildFile; fileRef = 8DD951E227A18B1F00CF9CB4 /* SearchResultTableViewCell.swift */; };
/* End PBXBuildFile section */

/* Begin PBXFileReference section */
		8D00BA7B27A3927A00405F3C /* MarketDataResponse.swift */ = {isa = PBXFileReference; lastKnownFileType = sourcecode.swift; path = MarketDataResponse.swift; sourceTree = "<group>"; };
		8D0D873527A2794000C598A6 /* NewsStory.swift */ = {isa = PBXFileReference; lastKnownFileType = sourcecode.swift; path = NewsStory.swift; sourceTree = "<group>"; };
		8D0D873727A280ED00C598A6 /* NewsStoryTableViewCell.swift */ = {isa = PBXFileReference; lastKnownFileType = sourcecode.swift; path = NewsStoryTableViewCell.swift; sourceTree = "<group>"; };
		8D532F9A27A201A100B3FECE /* SearchResponse.swift */ = {isa = PBXFileReference; lastKnownFileType = sourcecode.swift; path = SearchResponse.swift; sourceTree = "<group>"; };
		8D60035227A0365A0067628D /* StocksApp.app */ = {isa = PBXFileReference; explicitFileType = wrapper.application; includeInIndex = 0; path = StocksApp.app; sourceTree = BUILT_PRODUCTS_DIR; };
		8D60035527A0365A0067628D /* AppDelegate.swift */ = {isa = PBXFileReference; lastKnownFileType = sourcecode.swift; path = AppDelegate.swift; sourceTree = "<group>"; };
		8D60035727A0365A0067628D /* SceneDelegate.swift */ = {isa = PBXFileReference; lastKnownFileType = sourcecode.swift; path = SceneDelegate.swift; sourceTree = "<group>"; };
		8D60035927A0365A0067628D /* WatchListViewController.swift */ = {isa = PBXFileReference; lastKnownFileType = sourcecode.swift; path = WatchListViewController.swift; sourceTree = "<group>"; };
		8D60035E27A0365C0067628D /* Assets.xcassets */ = {isa = PBXFileReference; lastKnownFileType = folder.assetcatalog; path = Assets.xcassets; sourceTree = "<group>"; };
		8D60036127A0365C0067628D /* Base */ = {isa = PBXFileReference; lastKnownFileType = file.storyboard; name = Base; path = Base.lproj/LaunchScreen.storyboard; sourceTree = "<group>"; };
		8D60036327A0365C0067628D /* Info.plist */ = {isa = PBXFileReference; lastKnownFileType = text.plist.xml; path = Info.plist; sourceTree = "<group>"; };
		8D7DA80527A0379D00AF5739 /* NewsViewController.swift */ = {isa = PBXFileReference; lastKnownFileType = sourcecode.swift; path = NewsViewController.swift; sourceTree = "<group>"; };
		8D7DA80727A037AF00AF5739 /* SearchResultsViewController.swift */ = {isa = PBXFileReference; lastKnownFileType = sourcecode.swift; path = SearchResultsViewController.swift; sourceTree = "<group>"; };
		8D7DA80927A037EA00AF5739 /* StockDetailsViewController.swift */ = {isa = PBXFileReference; lastKnownFileType = sourcecode.swift; path = StockDetailsViewController.swift; sourceTree = "<group>"; };
		8D7DA80B27A0382700AF5739 /* APICaller.swift */ = {isa = PBXFileReference; lastKnownFileType = sourcecode.swift; path = APICaller.swift; sourceTree = "<group>"; };
		8D7DA80D27A0383100AF5739 /* PersistenceManager.swift */ = {isa = PBXFileReference; lastKnownFileType = sourcecode.swift; path = PersistenceManager.swift; sourceTree = "<group>"; };
		8D7DA80F27A0384200AF5739 /* HapticsManager.swift */ = {isa = PBXFileReference; lastKnownFileType = sourcecode.swift; path = HapticsManager.swift; sourceTree = "<group>"; };
		8DAA9CD927A247C700930F47 /* NewsHeaderView.swift */ = {isa = PBXFileReference; lastKnownFileType = sourcecode.swift; path = NewsHeaderView.swift; sourceTree = "<group>"; };
		8DCDEF8227A3FEA8003B8D9F /* WatchListTableViewCell.swift */ = {isa = PBXFileReference; lastKnownFileType = sourcecode.swift; path = WatchListTableViewCell.swift; sourceTree = "<group>"; };
		8DCDEF8427A400FA003B8D9F /* StockChartView.swift */ = {isa = PBXFileReference; lastKnownFileType = sourcecode.swift; path = StockChartView.swift; sourceTree = "<group>"; };
		8DD951E027A187E000CF9CB4 /* Extensions.swift */ = {isa = PBXFileReference; lastKnownFileType = sourcecode.swift; path = Extensions.swift; sourceTree = "<group>"; };
		8DD951E227A18B1F00CF9CB4 /* SearchResultTableViewCell.swift */ = {isa = PBXFileReference; lastKnownFileType = sourcecode.swift; path = SearchResultTableViewCell.swift; sourceTree = "<group>"; };
/* End PBXFileReference section */

/* Begin PBXFrameworksBuildPhase section */
		8D60034F27A0365A0067628D /* Frameworks */ = {
			isa = PBXFrameworksBuildPhase;
			buildActionMask = 2147483647;
			files = (
				8D239D7D27A2A8C600E8BEE9 /* SDWebImage in Frameworks */,
				8DAA9CD827A2389900930F47 /* FloatingPanel in Frameworks */,
			);
			runOnlyForDeploymentPostprocessing = 0;
		};
/* End PBXFrameworksBuildPhase section */

/* Begin PBXGroup section */
		8D60034927A036590067628D = {
			isa = PBXGroup;
			children = (
				8D60035427A0365A0067628D /* StocksApp */,
				8D60035327A0365A0067628D /* Products */,
			);
			sourceTree = "<group>";
		};
		8D60035327A0365A0067628D /* Products */ = {
			isa = PBXGroup;
			children = (
				8D60035227A0365A0067628D /* StocksApp.app */,
			);
			name = Products;
			sourceTree = "<group>";
		};
		8D60035427A0365A0067628D /* StocksApp */ = {
			isa = PBXGroup;
			children = (
				8D60036D27A036E60067628D /* Other */,
				8D60036C27A036DF0067628D /* Managers */,
				8D60036B27A036D90067628D /* Controllers */,
				8D60036A27A036D20067628D /* Views */,
				8D60036927A036CB0067628D /* Models */,
				8D60036327A0365C0067628D /* Info.plist */,
			);
			path = StocksApp;
			sourceTree = "<group>";
		};
		8D60036927A036CB0067628D /* Models */ = {
			isa = PBXGroup;
			children = (
				8D532F9A27A201A100B3FECE /* SearchResponse.swift */,
				8D0D873527A2794000C598A6 /* NewsStory.swift */,
				8D00BA7B27A3927A00405F3C /* MarketDataResponse.swift */,
			);
			path = Models;
			sourceTree = "<group>";
		};
		8D60036A27A036D20067628D /* Views */ = {
			isa = PBXGroup;
			children = (
				8D60036027A0365C0067628D /* LaunchScreen.storyboard */,
				8DD951E227A18B1F00CF9CB4 /* SearchResultTableViewCell.swift */,
				8DCDEF8427A400FA003B8D9F /* StockChartView.swift */,
				8DAA9CD927A247C700930F47 /* NewsHeaderView.swift */,
				8D0D873727A280ED00C598A6 /* NewsStoryTableViewCell.swift */,
				8DCDEF8227A3FEA8003B8D9F /* WatchListTableViewCell.swift */,
			);
			path = Views;
			sourceTree = "<group>";
		};
		8D60036B27A036D90067628D /* Controllers */ = {
			isa = PBXGroup;
			children = (
				8D60035927A0365A0067628D /* WatchListViewController.swift */,
				8D7DA80527A0379D00AF5739 /* NewsViewController.swift */,
				8D7DA80727A037AF00AF5739 /* SearchResultsViewController.swift */,
				8D7DA80927A037EA00AF5739 /* StockDetailsViewController.swift */,
			);
			path = Controllers;
			sourceTree = "<group>";
		};
		8D60036C27A036DF0067628D /* Managers */ = {
			isa = PBXGroup;
			children = (
				8D7DA80B27A0382700AF5739 /* APICaller.swift */,
				8D7DA80D27A0383100AF5739 /* PersistenceManager.swift */,
				8D7DA80F27A0384200AF5739 /* HapticsManager.swift */,
			);
			path = Managers;
			sourceTree = "<group>";
		};
		8D60036D27A036E60067628D /* Other */ = {
			isa = PBXGroup;
			children = (
				8D60035E27A0365C0067628D /* Assets.xcassets */,
				8D60035527A0365A0067628D /* AppDelegate.swift */,
				8D60035727A0365A0067628D /* SceneDelegate.swift */,
				8DD951E027A187E000CF9CB4 /* Extensions.swift */,
			);
			path = Other;
			sourceTree = "<group>";
		};
/* End PBXGroup section */

/* Begin PBXNativeTarget section */
		8D60035127A0365A0067628D /* StocksApp */ = {
			isa = PBXNativeTarget;
			buildConfigurationList = 8D60036627A0365C0067628D /* Build configuration list for PBXNativeTarget "StocksApp" */;
			buildPhases = (
				8D60034E27A0365A0067628D /* Sources */,
				8D60034F27A0365A0067628D /* Frameworks */,
				8D60035027A0365A0067628D /* Resources */,
			);
			buildRules = (
			);
			dependencies = (
			);
			name = StocksApp;
			packageProductDependencies = (
				8DAA9CD727A2389900930F47 /* FloatingPanel */,
				8D239D7C27A2A8C600E8BEE9 /* SDWebImage */,
			);
			productName = StocksApp;
			productReference = 8D60035227A0365A0067628D /* StocksApp.app */;
			productType = "com.apple.product-type.application";
		};
/* End PBXNativeTarget section */

/* Begin PBXProject section */
		8D60034A27A036590067628D /* Project object */ = {
			isa = PBXProject;
			attributes = {
				BuildIndependentTargetsInParallel = 1;
				LastSwiftUpdateCheck = 1320;
				LastUpgradeCheck = 1320;
				TargetAttributes = {
					8D60035127A0365A0067628D = {
						CreatedOnToolsVersion = 13.2.1;
					};
				};
			};
			buildConfigurationList = 8D60034D27A036590067628D /* Build configuration list for PBXProject "StocksApp" */;
			compatibilityVersion = "Xcode 13.0";
			developmentRegion = en;
			hasScannedForEncodings = 0;
			knownRegions = (
				en,
				Base,
			);
			mainGroup = 8D60034927A036590067628D;
			packageReferences = (
				8DAA9CD627A2389900930F47 /* XCRemoteSwiftPackageReference "FloatingPanel" */,
				8D239D7B27A2A8C600E8BEE9 /* XCRemoteSwiftPackageReference "SDWebImage" */,
			);
			productRefGroup = 8D60035327A0365A0067628D /* Products */;
			projectDirPath = "";
			projectRoot = "";
			targets = (
				8D60035127A0365A0067628D /* StocksApp */,
			);
		};
/* End PBXProject section */

/* Begin PBXResourcesBuildPhase section */
		8D60035027A0365A0067628D /* Resources */ = {
			isa = PBXResourcesBuildPhase;
			buildActionMask = 2147483647;
			files = (
				8D60036227A0365C0067628D /* LaunchScreen.storyboard in Resources */,
				8D60035F27A0365C0067628D /* Assets.xcassets in Resources */,
			);
			runOnlyForDeploymentPostprocessing = 0;
		};
/* End PBXResourcesBuildPhase section */

/* Begin PBXSourcesBuildPhase section */
		8D60034E27A0365A0067628D /* Sources */ = {
			isa = PBXSourcesBuildPhase;
			buildActionMask = 2147483647;
			files = (
				8D00BA7C27A3927A00405F3C /* MarketDataResponse.swift in Sources */,
				8D7DA81027A0384200AF5739 /* HapticsManager.swift in Sources */,
				8DD951E327A18B1F00CF9CB4 /* SearchResultTableViewCell.swift in Sources */,
				8D7DA80A27A037EA00AF5739 /* StockDetailsViewController.swift in Sources */,
				8D60035A27A0365A0067628D /* WatchListViewController.swift in Sources */,
				8D7DA80627A0379D00AF5739 /* NewsViewController.swift in Sources */,
				8D7DA80E27A0383100AF5739 /* PersistenceManager.swift in Sources */,
				8D0D873627A2794000C598A6 /* NewsStory.swift in Sources */,
				8DD951E127A187E100CF9CB4 /* Extensions.swift in Sources */,
				8D0D873827A280ED00C598A6 /* NewsStoryTableViewCell.swift in Sources */,
				8D7DA80C27A0382700AF5739 /* APICaller.swift in Sources */,
				8D532F9B27A201A100B3FECE /* SearchResponse.swift in Sources */,
				8DCDEF8527A400FA003B8D9F /* StockChartView.swift in Sources */,
				8DAA9CDA27A247C700930F47 /* NewsHeaderView.swift in Sources */,
				8D60035627A0365A0067628D /* AppDelegate.swift in Sources */,
				8D60035827A0365A0067628D /* SceneDelegate.swift in Sources */,
				8DCDEF8327A3FEA8003B8D9F /* WatchListTableViewCell.swift in Sources */,
				8D7DA80827A037AF00AF5739 /* SearchResultsViewController.swift in Sources */,
			);
			runOnlyForDeploymentPostprocessing = 0;
		};
/* End PBXSourcesBuildPhase section */

/* Begin PBXVariantGroup section */
		8D60036027A0365C0067628D /* LaunchScreen.storyboard */ = {
			isa = PBXVariantGroup;
			children = (
				8D60036127A0365C0067628D /* Base */,
			);
			name = LaunchScreen.storyboard;
			sourceTree = "<group>";
		};
/* End PBXVariantGroup section */

/* Begin XCBuildConfiguration section */
		8D60036427A0365C0067628D /* Debug */ = {
			isa = XCBuildConfiguration;
			buildSettings = {
				ALWAYS_SEARCH_USER_PATHS = NO;
				CLANG_ANALYZER_NONNULL = YES;
				CLANG_ANALYZER_NUMBER_OBJECT_CONVERSION = YES_AGGRESSIVE;
				CLANG_CXX_LANGUAGE_STANDARD = "gnu++17";
				CLANG_CXX_LIBRARY = "libc++";
				CLANG_ENABLE_MODULES = YES;
				CLANG_ENABLE_OBJC_ARC = YES;
				CLANG_ENABLE_OBJC_WEAK = YES;
				CLANG_WARN_BLOCK_CAPTURE_AUTORELEASING = YES;
				CLANG_WARN_BOOL_CONVERSION = YES;
				CLANG_WARN_COMMA = YES;
				CLANG_WARN_CONSTANT_CONVERSION = YES;
				CLANG_WARN_DEPRECATED_OBJC_IMPLEMENTATIONS = YES;
				CLANG_WARN_DIRECT_OBJC_ISA_USAGE = YES_ERROR;
				CLANG_WARN_DOCUMENTATION_COMMENTS = YES;
				CLANG_WARN_EMPTY_BODY = YES;
				CLANG_WARN_ENUM_CONVERSION = YES;
				CLANG_WARN_INFINITE_RECURSION = YES;
				CLANG_WARN_INT_CONVERSION = YES;
				CLANG_WARN_NON_LITERAL_NULL_CONVERSION = YES;
				CLANG_WARN_OBJC_IMPLICIT_RETAIN_SELF = YES;
				CLANG_WARN_OBJC_LITERAL_CONVERSION = YES;
				CLANG_WARN_OBJC_ROOT_CLASS = YES_ERROR;
				CLANG_WARN_QUOTED_INCLUDE_IN_FRAMEWORK_HEADER = YES;
				CLANG_WARN_RANGE_LOOP_ANALYSIS = YES;
				CLANG_WARN_STRICT_PROTOTYPES = YES;
				CLANG_WARN_SUSPICIOUS_MOVE = YES;
				CLANG_WARN_UNGUARDED_AVAILABILITY = YES_AGGRESSIVE;
				CLANG_WARN_UNREACHABLE_CODE = YES;
				CLANG_WARN__DUPLICATE_METHOD_MATCH = YES;
				COPY_PHASE_STRIP = NO;
				DEBUG_INFORMATION_FORMAT = dwarf;
				ENABLE_STRICT_OBJC_MSGSEND = YES;
				ENABLE_TESTABILITY = YES;
				GCC_C_LANGUAGE_STANDARD = gnu11;
				GCC_DYNAMIC_NO_PIC = NO;
				GCC_NO_COMMON_BLOCKS = YES;
				GCC_OPTIMIZATION_LEVEL = 0;
				GCC_PREPROCESSOR_DEFINITIONS = (
					"DEBUG=1",
					"$(inherited)",
				);
				GCC_WARN_64_TO_32_BIT_CONVERSION = YES;
				GCC_WARN_ABOUT_RETURN_TYPE = YES_ERROR;
				GCC_WARN_UNDECLARED_SELECTOR = YES;
				GCC_WARN_UNINITIALIZED_AUTOS = YES_AGGRESSIVE;
				GCC_WARN_UNUSED_FUNCTION = YES;
				GCC_WARN_UNUSED_VARIABLE = YES;
				IPHONEOS_DEPLOYMENT_TARGET = 15.2;
				MTL_ENABLE_DEBUG_INFO = INCLUDE_SOURCE;
				MTL_FAST_MATH = YES;
				ONLY_ACTIVE_ARCH = YES;
				SDKROOT = iphoneos;
				SWIFT_ACTIVE_COMPILATION_CONDITIONS = DEBUG;
				SWIFT_OPTIMIZATION_LEVEL = "-Onone";
			};
			name = Debug;
		};
		8D60036527A0365C0067628D /* Release */ = {
			isa = XCBuildConfiguration;
			buildSettings = {
				ALWAYS_SEARCH_USER_PATHS = NO;
				CLANG_ANALYZER_NONNULL = YES;
				CLANG_ANALYZER_NUMBER_OBJECT_CONVERSION = YES_AGGRESSIVE;
				CLANG_CXX_LANGUAGE_STANDARD = "gnu++17";
				CLANG_CXX_LIBRARY = "libc++";
				CLANG_ENABLE_MODULES = YES;
				CLANG_ENABLE_OBJC_ARC = YES;
				CLANG_ENABLE_OBJC_WEAK = YES;
				CLANG_WARN_BLOCK_CAPTURE_AUTORELEASING = YES;
				CLANG_WARN_BOOL_CONVERSION = YES;
				CLANG_WARN_COMMA = YES;
				CLANG_WARN_CONSTANT_CONVERSION = YES;
				CLANG_WARN_DEPRECATED_OBJC_IMPLEMENTATIONS = YES;
				CLANG_WARN_DIRECT_OBJC_ISA_USAGE = YES_ERROR;
				CLANG_WARN_DOCUMENTATION_COMMENTS = YES;
				CLANG_WARN_EMPTY_BODY = YES;
				CLANG_WARN_ENUM_CONVERSION = YES;
				CLANG_WARN_INFINITE_RECURSION = YES;
				CLANG_WARN_INT_CONVERSION = YES;
				CLANG_WARN_NON_LITERAL_NULL_CONVERSION = YES;
				CLANG_WARN_OBJC_IMPLICIT_RETAIN_SELF = YES;
				CLANG_WARN_OBJC_LITERAL_CONVERSION = YES;
				CLANG_WARN_OBJC_ROOT_CLASS = YES_ERROR;
				CLANG_WARN_QUOTED_INCLUDE_IN_FRAMEWORK_HEADER = YES;
				CLANG_WARN_RANGE_LOOP_ANALYSIS = YES;
				CLANG_WARN_STRICT_PROTOTYPES = YES;
				CLANG_WARN_SUSPICIOUS_MOVE = YES;
				CLANG_WARN_UNGUARDED_AVAILABILITY = YES_AGGRESSIVE;
				CLANG_WARN_UNREACHABLE_CODE = YES;
				CLANG_WARN__DUPLICATE_METHOD_MATCH = YES;
				COPY_PHASE_STRIP = NO;
				DEBUG_INFORMATION_FORMAT = "dwarf-with-dsym";
				ENABLE_NS_ASSERTIONS = NO;
				ENABLE_STRICT_OBJC_MSGSEND = YES;
				GCC_C_LANGUAGE_STANDARD = gnu11;
				GCC_NO_COMMON_BLOCKS = YES;
				GCC_WARN_64_TO_32_BIT_CONVERSION = YES;
				GCC_WARN_ABOUT_RETURN_TYPE = YES_ERROR;
				GCC_WARN_UNDECLARED_SELECTOR = YES;
				GCC_WARN_UNINITIALIZED_AUTOS = YES_AGGRESSIVE;
				GCC_WARN_UNUSED_FUNCTION = YES;
				GCC_WARN_UNUSED_VARIABLE = YES;
				IPHONEOS_DEPLOYMENT_TARGET = 15.2;
				MTL_ENABLE_DEBUG_INFO = NO;
				MTL_FAST_MATH = YES;
				SDKROOT = iphoneos;
				SWIFT_COMPILATION_MODE = wholemodule;
				SWIFT_OPTIMIZATION_LEVEL = "-O";
				VALIDATE_PRODUCT = YES;
			};
			name = Release;
		};
		8D60036727A0365C0067628D /* Debug */ = {
			isa = XCBuildConfiguration;
			buildSettings = {
				ASSETCATALOG_COMPILER_APPICON_NAME = AppIcon;
				ASSETCATALOG_COMPILER_GLOBAL_ACCENT_COLOR_NAME = AccentColor;
				CODE_SIGN_STYLE = Automatic;
				CURRENT_PROJECT_VERSION = 1;
				GENERATE_INFOPLIST_FILE = YES;
				INFOPLIST_FILE = StocksApp/Info.plist;
				INFOPLIST_KEY_UIApplicationSupportsIndirectInputEvents = YES;
				INFOPLIST_KEY_UILaunchStoryboardName = LaunchScreen;
				INFOPLIST_KEY_UISupportedInterfaceOrientations = UIInterfaceOrientationPortrait;
				INFOPLIST_KEY_UISupportedInterfaceOrientations_iPad = "UIInterfaceOrientationPortrait UIInterfaceOrientationPortraitUpsideDown UIInterfaceOrientationLandscapeLeft UIInterfaceOrientationLandscapeRight";
				INFOPLIST_KEY_UISupportedInterfaceOrientations_iPhone = "UIInterfaceOrientationPortrait UIInterfaceOrientationLandscapeLeft UIInterfaceOrientationLandscapeRight";
				LD_RUNPATH_SEARCH_PATHS = (
					"$(inherited)",
					"@executable_path/Frameworks",
				);
				MARKETING_VERSION = 1.0;
				PRODUCT_BUNDLE_IDENTIFIER = com.evgeniikolgin.StocksApp;
				PRODUCT_NAME = "$(TARGET_NAME)";
				SWIFT_EMIT_LOC_STRINGS = YES;
				SWIFT_VERSION = 5.0;
				TARGETED_DEVICE_FAMILY = 1;
			};
			name = Debug;
		};
		8D60036827A0365C0067628D /* Release */ = {
			isa = XCBuildConfiguration;
			buildSettings = {
				ASSETCATALOG_COMPILER_APPICON_NAME = AppIcon;
				ASSETCATALOG_COMPILER_GLOBAL_ACCENT_COLOR_NAME = AccentColor;
				CODE_SIGN_STYLE = Automatic;
				CURRENT_PROJECT_VERSION = 1;
				GENERATE_INFOPLIST_FILE = YES;
				INFOPLIST_FILE = StocksApp/Info.plist;
				INFOPLIST_KEY_UIApplicationSupportsIndirectInputEvents = YES;
				INFOPLIST_KEY_UILaunchStoryboardName = LaunchScreen;
				INFOPLIST_KEY_UISupportedInterfaceOrientations = UIInterfaceOrientationPortrait;
				INFOPLIST_KEY_UISupportedInterfaceOrientations_iPad = "UIInterfaceOrientationPortrait UIInterfaceOrientationPortraitUpsideDown UIInterfaceOrientationLandscapeLeft UIInterfaceOrientationLandscapeRight";
				INFOPLIST_KEY_UISupportedInterfaceOrientations_iPhone = "UIInterfaceOrientationPortrait UIInterfaceOrientationLandscapeLeft UIInterfaceOrientationLandscapeRight";
				LD_RUNPATH_SEARCH_PATHS = (
					"$(inherited)",
					"@executable_path/Frameworks",
				);
				MARKETING_VERSION = 1.0;
				PRODUCT_BUNDLE_IDENTIFIER = com.evgeniikolgin.StocksApp;
				PRODUCT_NAME = "$(TARGET_NAME)";
				SWIFT_EMIT_LOC_STRINGS = YES;
				SWIFT_VERSION = 5.0;
				TARGETED_DEVICE_FAMILY = 1;
			};
			name = Release;
		};
/* End XCBuildConfiguration section */

/* Begin XCConfigurationList section */
		8D60034D27A036590067628D /* Build configuration list for PBXProject "StocksApp" */ = {
			isa = XCConfigurationList;
			buildConfigurations = (
				8D60036427A0365C0067628D /* Debug */,
				8D60036527A0365C0067628D /* Release */,
			);
			defaultConfigurationIsVisible = 0;
			defaultConfigurationName = Release;
		};
		8D60036627A0365C0067628D /* Build configuration list for PBXNativeTarget "StocksApp" */ = {
			isa = XCConfigurationList;
			buildConfigurations = (
				8D60036727A0365C0067628D /* Debug */,
				8D60036827A0365C0067628D /* Release */,
			);
			defaultConfigurationIsVisible = 0;
			defaultConfigurationName = Release;
		};
/* End XCConfigurationList section */

/* Begin XCRemoteSwiftPackageReference section */
		8D239D7B27A2A8C600E8BEE9 /* XCRemoteSwiftPackageReference "SDWebImage" */ = {
			isa = XCRemoteSwiftPackageReference;
			repositoryURL = "https://github.com/SDWebImage/SDWebImage.git";
			requirement = {
				kind = upToNextMajorVersion;
				minimumVersion = 5.0.0;
			};
		};
		8DAA9CD627A2389900930F47 /* XCRemoteSwiftPackageReference "FloatingPanel" */ = {
			isa = XCRemoteSwiftPackageReference;
			repositoryURL = "https://github.com/SCENEE/FloatingPanel.git";
			requirement = {
				kind = upToNextMajorVersion;
				minimumVersion = 2.0.0;
			};
		};
/* End XCRemoteSwiftPackageReference section */

/* Begin XCSwiftPackageProductDependency section */
		8D239D7C27A2A8C600E8BEE9 /* SDWebImage */ = {
			isa = XCSwiftPackageProductDependency;
			package = 8D239D7B27A2A8C600E8BEE9 /* XCRemoteSwiftPackageReference "SDWebImage" */;
			productName = SDWebImage;
		};
		8DAA9CD727A2389900930F47 /* FloatingPanel */ = {
			isa = XCSwiftPackageProductDependency;
			package = 8DAA9CD627A2389900930F47 /* XCRemoteSwiftPackageReference "FloatingPanel" */;
			productName = FloatingPanel;
		};
/* End XCSwiftPackageProductDependency section */
	};
	rootObject = 8D60034A27A036590067628D /* Project object */;
}
